// !$*UTF8*$!
{
	archiveVersion = 1;
	classes = {
	};
	objectVersion = 50;
	objects = {

/* Begin PBXBuildFile section */
		F15A29FD26FE683500043351 /* AppDelegate.swift in Sources */ = {isa = PBXBuildFile; fileRef = F15A29FC26FE683500043351 /* AppDelegate.swift */; };
		F15A29FF26FE683500043351 /* SceneDelegate.swift in Sources */ = {isa = PBXBuildFile; fileRef = F15A29FE26FE683500043351 /* SceneDelegate.swift */; };
		F15A2A0126FE683500043351 /* TableViewController.swift in Sources */ = {isa = PBXBuildFile; fileRef = F15A2A0026FE683500043351 /* TableViewController.swift */; };
		F15A2A0426FE683500043351 /* Main.storyboard in Resources */ = {isa = PBXBuildFile; fileRef = F15A2A0226FE683500043351 /* Main.storyboard */; };
		F15A2A0626FE683700043351 /* Assets.xcassets in Resources */ = {isa = PBXBuildFile; fileRef = F15A2A0526FE683700043351 /* Assets.xcassets */; };
		F15A2A0926FE683700043351 /* LaunchScreen.storyboard in Resources */ = {isa = PBXBuildFile; fileRef = F15A2A0726FE683700043351 /* LaunchScreen.storyboard */; };
		F15A2A1426FE683700043351 /* MovieDBTests.swift in Sources */ = {isa = PBXBuildFile; fileRef = F15A2A1326FE683700043351 /* MovieDBTests.swift */; };
		F15A2A1F26FE683700043351 /* MovieDBUITests.swift in Sources */ = {isa = PBXBuildFile; fileRef = F15A2A1E26FE683700043351 /* MovieDBUITests.swift */; };
		F15A2A3226FE696400043351 /* TableViewCell.swift in Sources */ = {isa = PBXBuildFile; fileRef = F15A2A3126FE696400043351 /* TableViewCell.swift */; };
		F15A2A3426FE6C7D00043351 /* MovieModel.swift in Sources */ = {isa = PBXBuildFile; fileRef = F15A2A3326FE6C7D00043351 /* MovieModel.swift */; };
		F15A2A362702105300043351 /* LoginController.swift in Sources */ = {isa = PBXBuildFile; fileRef = F15A2A352702105300043351 /* LoginController.swift */; };
		F15A2A77270259EA00043351 /* ApiManager.swift in Sources */ = {isa = PBXBuildFile; fileRef = F15A2A76270259EA00043351 /* ApiManager.swift */; };
		F15A2A7A27026B6900043351 /* Constant.swift in Sources */ = {isa = PBXBuildFile; fileRef = F15A2A7927026B6900043351 /* Constant.swift */; };
		F15A2A7C2702C3D200043351 /* Extension.swift in Sources */ = {isa = PBXBuildFile; fileRef = F15A2A7B2702C3D200043351 /* Extension.swift */; };
/* End PBXBuildFile section */

/* Begin PBXContainerItemProxy section */
		F15A2A1026FE683700043351 /* PBXContainerItemProxy */ = {
			isa = PBXContainerItemProxy;
			containerPortal = F15A29F126FE683500043351 /* Project object */;
			proxyType = 1;
			remoteGlobalIDString = F15A29F826FE683500043351;
			remoteInfo = MovieDB;
		};
		F15A2A1B26FE683700043351 /* PBXContainerItemProxy */ = {
			isa = PBXContainerItemProxy;
			containerPortal = F15A29F126FE683500043351 /* Project object */;
			proxyType = 1;
			remoteGlobalIDString = F15A29F826FE683500043351;
			remoteInfo = MovieDB;
		};
/* End PBXContainerItemProxy section */

/* Begin PBXFileReference section */
		F15A29F926FE683500043351 /* MovieDB.app */ = {isa = PBXFileReference; explicitFileType = wrapper.application; includeInIndex = 0; path = MovieDB.app; sourceTree = BUILT_PRODUCTS_DIR; };
		F15A29FC26FE683500043351 /* AppDelegate.swift */ = {isa = PBXFileReference; lastKnownFileType = sourcecode.swift; path = AppDelegate.swift; sourceTree = "<group>"; };
		F15A29FE26FE683500043351 /* SceneDelegate.swift */ = {isa = PBXFileReference; lastKnownFileType = sourcecode.swift; path = SceneDelegate.swift; sourceTree = "<group>"; };
		F15A2A0026FE683500043351 /* TableViewController.swift */ = {isa = PBXFileReference; lastKnownFileType = sourcecode.swift; path = TableViewController.swift; sourceTree = "<group>"; };
		F15A2A0326FE683500043351 /* Base */ = {isa = PBXFileReference; lastKnownFileType = file.storyboard; name = Base; path = Base.lproj/Main.storyboard; sourceTree = "<group>"; };
		F15A2A0526FE683700043351 /* Assets.xcassets */ = {isa = PBXFileReference; lastKnownFileType = folder.assetcatalog; path = Assets.xcassets; sourceTree = "<group>"; };
		F15A2A0826FE683700043351 /* Base */ = {isa = PBXFileReference; lastKnownFileType = file.storyboard; name = Base; path = Base.lproj/LaunchScreen.storyboard; sourceTree = "<group>"; };
		F15A2A0A26FE683700043351 /* Info.plist */ = {isa = PBXFileReference; lastKnownFileType = text.plist.xml; path = Info.plist; sourceTree = "<group>"; };
		F15A2A0F26FE683700043351 /* MovieDBTests.xctest */ = {isa = PBXFileReference; explicitFileType = wrapper.cfbundle; includeInIndex = 0; path = MovieDBTests.xctest; sourceTree = BUILT_PRODUCTS_DIR; };
		F15A2A1326FE683700043351 /* MovieDBTests.swift */ = {isa = PBXFileReference; lastKnownFileType = sourcecode.swift; path = MovieDBTests.swift; sourceTree = "<group>"; };
		F15A2A1526FE683700043351 /* Info.plist */ = {isa = PBXFileReference; lastKnownFileType = text.plist.xml; path = Info.plist; sourceTree = "<group>"; };
		F15A2A1A26FE683700043351 /* MovieDBUITests.xctest */ = {isa = PBXFileReference; explicitFileType = wrapper.cfbundle; includeInIndex = 0; path = MovieDBUITests.xctest; sourceTree = BUILT_PRODUCTS_DIR; };
		F15A2A1E26FE683700043351 /* MovieDBUITests.swift */ = {isa = PBXFileReference; lastKnownFileType = sourcecode.swift; path = MovieDBUITests.swift; sourceTree = "<group>"; };
		F15A2A2026FE683700043351 /* Info.plist */ = {isa = PBXFileReference; lastKnownFileType = text.plist.xml; path = Info.plist; sourceTree = "<group>"; };
		F15A2A3126FE696400043351 /* TableViewCell.swift */ = {isa = PBXFileReference; lastKnownFileType = sourcecode.swift; path = TableViewCell.swift; sourceTree = "<group>"; };
		F15A2A3326FE6C7D00043351 /* MovieModel.swift */ = {isa = PBXFileReference; lastKnownFileType = sourcecode.swift; path = MovieModel.swift; sourceTree = "<group>"; };
		F15A2A352702105300043351 /* LoginController.swift */ = {isa = PBXFileReference; lastKnownFileType = sourcecode.swift; path = LoginController.swift; sourceTree = "<group>"; };
		F15A2A76270259EA00043351 /* ApiManager.swift */ = {isa = PBXFileReference; lastKnownFileType = sourcecode.swift; path = ApiManager.swift; sourceTree = "<group>"; };
		F15A2A7927026B6900043351 /* Constant.swift */ = {isa = PBXFileReference; lastKnownFileType = sourcecode.swift; path = Constant.swift; sourceTree = "<group>"; };
		F15A2A7B2702C3D200043351 /* Extension.swift */ = {isa = PBXFileReference; lastKnownFileType = sourcecode.swift; path = Extension.swift; sourceTree = "<group>"; };
/* End PBXFileReference section */

/* Begin PBXFrameworksBuildPhase section */
		F15A29F626FE683500043351 /* Frameworks */ = {
			isa = PBXFrameworksBuildPhase;
			buildActionMask = 2147483647;
			files = (
			);
			runOnlyForDeploymentPostprocessing = 0;
		};
		F15A2A0C26FE683700043351 /* Frameworks */ = {
			isa = PBXFrameworksBuildPhase;
			buildActionMask = 2147483647;
			files = (
			);
			runOnlyForDeploymentPostprocessing = 0;
		};
		F15A2A1726FE683700043351 /* Frameworks */ = {
			isa = PBXFrameworksBuildPhase;
			buildActionMask = 2147483647;
			files = (
			);
			runOnlyForDeploymentPostprocessing = 0;
		};
/* End PBXFrameworksBuildPhase section */

/* Begin PBXGroup section */
		F15A29F026FE683500043351 = {
			isa = PBXGroup;
			children = (
				F15A29FB26FE683500043351 /* MovieDB */,
				F15A2A1226FE683700043351 /* MovieDBTests */,
				F15A2A1D26FE683700043351 /* MovieDBUITests */,
				F15A29FA26FE683500043351 /* Products */,
			);
			sourceTree = "<group>";
		};
		F15A29FA26FE683500043351 /* Products */ = {
			isa = PBXGroup;
			children = (
				F15A29F926FE683500043351 /* MovieDB.app */,
				F15A2A0F26FE683700043351 /* MovieDBTests.xctest */,
				F15A2A1A26FE683700043351 /* MovieDBUITests.xctest */,
			);
			name = Products;
			sourceTree = "<group>";
		};
		F15A29FB26FE683500043351 /* MovieDB */ = {
			isa = PBXGroup;
			children = (
				F15A2A7827026B4C00043351 /* Constant */,
				F15A2A2C26FE684300043351 /* Models */,
				F15A2A2D26FE684A00043351 /* Views */,
				F15A2A2E26FE685300043351 /* Controllers */,
				F15A29FC26FE683500043351 /* AppDelegate.swift */,
				F15A29FE26FE683500043351 /* SceneDelegate.swift */,
				F15A2A0526FE683700043351 /* Assets.xcassets */,
				F15A2A0726FE683700043351 /* LaunchScreen.storyboard */,
				F15A2A0A26FE683700043351 /* Info.plist */,
			);
			path = MovieDB;
			sourceTree = "<group>";
		};
		F15A2A1226FE683700043351 /* MovieDBTests */ = {
			isa = PBXGroup;
			children = (
				F15A2A1326FE683700043351 /* MovieDBTests.swift */,
				F15A2A1526FE683700043351 /* Info.plist */,
			);
			path = MovieDBTests;
			sourceTree = "<group>";
		};
		F15A2A1D26FE683700043351 /* MovieDBUITests */ = {
			isa = PBXGroup;
			children = (
				F15A2A1E26FE683700043351 /* MovieDBUITests.swift */,
				F15A2A2026FE683700043351 /* Info.plist */,
			);
			path = MovieDBUITests;
			sourceTree = "<group>";
		};
		F15A2A2C26FE684300043351 /* Models */ = {
			isa = PBXGroup;
			children = (
				F15A2A3326FE6C7D00043351 /* MovieModel.swift */,
				F15A2A76270259EA00043351 /* ApiManager.swift */,
			);
			path = Models;
			sourceTree = "<group>";
		};
		F15A2A2D26FE684A00043351 /* Views */ = {
			isa = PBXGroup;
			children = (
				F15A2A3026FE68F800043351 /* Custom */,
				F15A2A2F26FE68EB00043351 /* StoryBoard */,
			);
			path = Views;
			sourceTree = "<group>";
		};
		F15A2A2E26FE685300043351 /* Controllers */ = {
			isa = PBXGroup;
			children = (
				F15A2A0026FE683500043351 /* TableViewController.swift */,
				F15A2A352702105300043351 /* LoginController.swift */,
			);
			path = Controllers;
			sourceTree = "<group>";
		};
		F15A2A2F26FE68EB00043351 /* StoryBoard */ = {
			isa = PBXGroup;
			children = (
				F15A2A0226FE683500043351 /* Main.storyboard */,
			);
			path = StoryBoard;
			sourceTree = "<group>";
		};
		F15A2A3026FE68F800043351 /* Custom */ = {
			isa = PBXGroup;
			children = (
				F15A2A3126FE696400043351 /* TableViewCell.swift */,
			);
			path = Custom;
			sourceTree = "<group>";
		};
		F15A2A7827026B4C00043351 /* Constant */ = {
			isa = PBXGroup;
			children = (
				F15A2A7927026B6900043351 /* Constant.swift */,
				F15A2A7B2702C3D200043351 /* Extension.swift */,
			);
			path = Constant;
			sourceTree = "<group>";
		};
/* End PBXGroup section */

/* Begin PBXNativeTarget section */
		F15A29F826FE683500043351 /* MovieDB */ = {
			isa = PBXNativeTarget;
			buildConfigurationList = F15A2A2326FE683700043351 /* Build configuration list for PBXNativeTarget "MovieDB" */;
			buildPhases = (
				F15A29F526FE683500043351 /* Sources */,
				F15A29F626FE683500043351 /* Frameworks */,
				F15A29F726FE683500043351 /* Resources */,
			);
			buildRules = (
			);
			dependencies = (
			);
			name = MovieDB;
			productName = MovieDB;
			productReference = F15A29F926FE683500043351 /* MovieDB.app */;
			productType = "com.apple.product-type.application";
		};
		F15A2A0E26FE683700043351 /* MovieDBTests */ = {
			isa = PBXNativeTarget;
			buildConfigurationList = F15A2A2626FE683700043351 /* Build configuration list for PBXNativeTarget "MovieDBTests" */;
			buildPhases = (
				F15A2A0B26FE683700043351 /* Sources */,
				F15A2A0C26FE683700043351 /* Frameworks */,
				F15A2A0D26FE683700043351 /* Resources */,
			);
			buildRules = (
			);
			dependencies = (
				F15A2A1126FE683700043351 /* PBXTargetDependency */,
			);
			name = MovieDBTests;
			productName = MovieDBTests;
			productReference = F15A2A0F26FE683700043351 /* MovieDBTests.xctest */;
			productType = "com.apple.product-type.bundle.unit-test";
		};
		F15A2A1926FE683700043351 /* MovieDBUITests */ = {
			isa = PBXNativeTarget;
			buildConfigurationList = F15A2A2926FE683700043351 /* Build configuration list for PBXNativeTarget "MovieDBUITests" */;
			buildPhases = (
				F15A2A1626FE683700043351 /* Sources */,
				F15A2A1726FE683700043351 /* Frameworks */,
				F15A2A1826FE683700043351 /* Resources */,
			);
			buildRules = (
			);
			dependencies = (
				F15A2A1C26FE683700043351 /* PBXTargetDependency */,
			);
			name = MovieDBUITests;
			productName = MovieDBUITests;
			productReference = F15A2A1A26FE683700043351 /* MovieDBUITests.xctest */;
			productType = "com.apple.product-type.bundle.ui-testing";
		};
/* End PBXNativeTarget section */

/* Begin PBXProject section */
		F15A29F126FE683500043351 /* Project object */ = {
			isa = PBXProject;
			attributes = {
				LastSwiftUpdateCheck = 1250;
				LastUpgradeCheck = 1250;
				TargetAttributes = {
					F15A29F826FE683500043351 = {
						CreatedOnToolsVersion = 12.5.1;
					};
					F15A2A0E26FE683700043351 = {
						CreatedOnToolsVersion = 12.5.1;
						TestTargetID = F15A29F826FE683500043351;
					};
					F15A2A1926FE683700043351 = {
						CreatedOnToolsVersion = 12.5.1;
						TestTargetID = F15A29F826FE683500043351;
					};
				};
			};
			buildConfigurationList = F15A29F426FE683500043351 /* Build configuration list for PBXProject "MovieDB" */;
			compatibilityVersion = "Xcode 9.3";
			developmentRegion = en;
			hasScannedForEncodings = 0;
			knownRegions = (
				en,
				Base,
			);
			mainGroup = F15A29F026FE683500043351;
			productRefGroup = F15A29FA26FE683500043351 /* Products */;
			projectDirPath = "";
			projectRoot = "";
			targets = (
				F15A29F826FE683500043351 /* MovieDB */,
				F15A2A0E26FE683700043351 /* MovieDBTests */,
				F15A2A1926FE683700043351 /* MovieDBUITests */,
			);
		};
/* End PBXProject section */

/* Begin PBXResourcesBuildPhase section */
		F15A29F726FE683500043351 /* Resources */ = {
			isa = PBXResourcesBuildPhase;
			buildActionMask = 2147483647;
			files = (
				F15A2A0926FE683700043351 /* LaunchScreen.storyboard in Resources */,
				F15A2A0626FE683700043351 /* Assets.xcassets in Resources */,
				F15A2A0426FE683500043351 /* Main.storyboard in Resources */,
			);
			runOnlyForDeploymentPostprocessing = 0;
		};
		F15A2A0D26FE683700043351 /* Resources */ = {
			isa = PBXResourcesBuildPhase;
			buildActionMask = 2147483647;
			files = (
			);
			runOnlyForDeploymentPostprocessing = 0;
		};
		F15A2A1826FE683700043351 /* Resources */ = {
			isa = PBXResourcesBuildPhase;
			buildActionMask = 2147483647;
			files = (
			);
			runOnlyForDeploymentPostprocessing = 0;
		};
/* End PBXResourcesBuildPhase section */

/* Begin PBXSourcesBuildPhase section */
		F15A29F526FE683500043351 /* Sources */ = {
			isa = PBXSourcesBuildPhase;
			buildActionMask = 2147483647;
			files = (
				F15A2A7C2702C3D200043351 /* Extension.swift in Sources */,
				F15A2A0126FE683500043351 /* TableViewController.swift in Sources */,
				F15A2A362702105300043351 /* LoginController.swift in Sources */,
				F15A2A3226FE696400043351 /* TableViewCell.swift in Sources */,
				F15A2A7A27026B6900043351 /* Constant.swift in Sources */,
				F15A2A77270259EA00043351 /* ApiManager.swift in Sources */,
				F15A2A3426FE6C7D00043351 /* MovieModel.swift in Sources */,
				F15A29FD26FE683500043351 /* AppDelegate.swift in Sources */,
				F15A29FF26FE683500043351 /* SceneDelegate.swift in Sources */,
			);
			runOnlyForDeploymentPostprocessing = 0;
		};
		F15A2A0B26FE683700043351 /* Sources */ = {
			isa = PBXSourcesBuildPhase;
			buildActionMask = 2147483647;
			files = (
				F15A2A1426FE683700043351 /* MovieDBTests.swift in Sources */,
			);
			runOnlyForDeploymentPostprocessing = 0;
		};
		F15A2A1626FE683700043351 /* Sources */ = {
			isa = PBXSourcesBuildPhase;
			buildActionMask = 2147483647;
			files = (
				F15A2A1F26FE683700043351 /* MovieDBUITests.swift in Sources */,
			);
			runOnlyForDeploymentPostprocessing = 0;
		};
/* End PBXSourcesBuildPhase section */

/* Begin PBXTargetDependency section */
		F15A2A1126FE683700043351 /* PBXTargetDependency */ = {
			isa = PBXTargetDependency;
			target = F15A29F826FE683500043351 /* MovieDB */;
			targetProxy = F15A2A1026FE683700043351 /* PBXContainerItemProxy */;
		};
		F15A2A1C26FE683700043351 /* PBXTargetDependency */ = {
			isa = PBXTargetDependency;
			target = F15A29F826FE683500043351 /* MovieDB */;
			targetProxy = F15A2A1B26FE683700043351 /* PBXContainerItemProxy */;
		};
/* End PBXTargetDependency section */

/* Begin PBXVariantGroup section */
		F15A2A0226FE683500043351 /* Main.storyboard */ = {
			isa = PBXVariantGroup;
			children = (
				F15A2A0326FE683500043351 /* Base */,
			);
			name = Main.storyboard;
			sourceTree = "<group>";
		};
		F15A2A0726FE683700043351 /* LaunchScreen.storyboard */ = {
			isa = PBXVariantGroup;
			children = (
				F15A2A0826FE683700043351 /* Base */,
			);
			name = LaunchScreen.storyboard;
			sourceTree = "<group>";
		};
/* End PBXVariantGroup section */

/* Begin XCBuildConfiguration section */
		F15A2A2126FE683700043351 /* Debug */ = {
			isa = XCBuildConfiguration;
			buildSettings = {
				ALWAYS_SEARCH_USER_PATHS = NO;
				CLANG_ANALYZER_NONNULL = YES;
				CLANG_ANALYZER_NUMBER_OBJECT_CONVERSION = YES_AGGRESSIVE;
				CLANG_CXX_LANGUAGE_STANDARD = "gnu++14";
				CLANG_CXX_LIBRARY = "libc++";
				CLANG_ENABLE_MODULES = YES;
				CLANG_ENABLE_OBJC_ARC = YES;
				CLANG_ENABLE_OBJC_WEAK = YES;
				CLANG_WARN_BLOCK_CAPTURE_AUTORELEASING = YES;
				CLANG_WARN_BOOL_CONVERSION = YES;
				CLANG_WARN_COMMA = YES;
				CLANG_WARN_CONSTANT_CONVERSION = YES;
				CLANG_WARN_DEPRECATED_OBJC_IMPLEMENTATIONS = YES;
				CLANG_WARN_DIRECT_OBJC_ISA_USAGE = YES_ERROR;
				CLANG_WARN_DOCUMENTATION_COMMENTS = YES;
				CLANG_WARN_EMPTY_BODY = YES;
				CLANG_WARN_ENUM_CONVERSION = YES;
				CLANG_WARN_INFINITE_RECURSION = YES;
				CLANG_WARN_INT_CONVERSION = YES;
				CLANG_WARN_NON_LITERAL_NULL_CONVERSION = YES;
				CLANG_WARN_OBJC_IMPLICIT_RETAIN_SELF = YES;
				CLANG_WARN_OBJC_LITERAL_CONVERSION = YES;
				CLANG_WARN_OBJC_ROOT_CLASS = YES_ERROR;
				CLANG_WARN_QUOTED_INCLUDE_IN_FRAMEWORK_HEADER = YES;
				CLANG_WARN_RANGE_LOOP_ANALYSIS = YES;
				CLANG_WARN_STRICT_PROTOTYPES = YES;
				CLANG_WARN_SUSPICIOUS_MOVE = YES;
				CLANG_WARN_UNGUARDED_AVAILABILITY = YES_AGGRESSIVE;
				CLANG_WARN_UNREACHABLE_CODE = YES;
				CLANG_WARN__DUPLICATE_METHOD_MATCH = YES;
				COPY_PHASE_STRIP = NO;
				DEBUG_INFORMATION_FORMAT = dwarf;
				ENABLE_STRICT_OBJC_MSGSEND = YES;
				ENABLE_TESTABILITY = YES;
				GCC_C_LANGUAGE_STANDARD = gnu11;
				GCC_DYNAMIC_NO_PIC = NO;
				GCC_NO_COMMON_BLOCKS = YES;
				GCC_OPTIMIZATION_LEVEL = 0;
				GCC_PREPROCESSOR_DEFINITIONS = (
					"DEBUG=1",
					"$(inherited)",
				);
				GCC_WARN_64_TO_32_BIT_CONVERSION = YES;
				GCC_WARN_ABOUT_RETURN_TYPE = YES_ERROR;
				GCC_WARN_UNDECLARED_SELECTOR = YES;
				GCC_WARN_UNINITIALIZED_AUTOS = YES_AGGRESSIVE;
				GCC_WARN_UNUSED_FUNCTION = YES;
				GCC_WARN_UNUSED_VARIABLE = YES;
				IPHONEOS_DEPLOYMENT_TARGET = 14.5;
				MTL_ENABLE_DEBUG_INFO = INCLUDE_SOURCE;
				MTL_FAST_MATH = YES;
				ONLY_ACTIVE_ARCH = YES;
				SDKROOT = iphoneos;
				SWIFT_ACTIVE_COMPILATION_CONDITIONS = DEBUG;
				SWIFT_OPTIMIZATION_LEVEL = "-Onone";
			};
			name = Debug;
		};
		F15A2A2226FE683700043351 /* Release */ = {
			isa = XCBuildConfiguration;
			buildSettings = {
				ALWAYS_SEARCH_USER_PATHS = NO;
				CLANG_ANALYZER_NONNULL = YES;
				CLANG_ANALYZER_NUMBER_OBJECT_CONVERSION = YES_AGGRESSIVE;
				CLANG_CXX_LANGUAGE_STANDARD = "gnu++14";
				CLANG_CXX_LIBRARY = "libc++";
				CLANG_ENABLE_MODULES = YES;
				CLANG_ENABLE_OBJC_ARC = YES;
				CLANG_ENABLE_OBJC_WEAK = YES;
				CLANG_WARN_BLOCK_CAPTURE_AUTORELEASING = YES;
				CLANG_WARN_BOOL_CONVERSION = YES;
				CLANG_WARN_COMMA = YES;
				CLANG_WARN_CONSTANT_CONVERSION = YES;
				CLANG_WARN_DEPRECATED_OBJC_IMPLEMENTATIONS = YES;
				CLANG_WARN_DIRECT_OBJC_ISA_USAGE = YES_ERROR;
				CLANG_WARN_DOCUMENTATION_COMMENTS = YES;
				CLANG_WARN_EMPTY_BODY = YES;
				CLANG_WARN_ENUM_CONVERSION = YES;
				CLANG_WARN_INFINITE_RECURSION = YES;
				CLANG_WARN_INT_CONVERSION = YES;
				CLANG_WARN_NON_LITERAL_NULL_CONVERSION = YES;
				CLANG_WARN_OBJC_IMPLICIT_RETAIN_SELF = YES;
				CLANG_WARN_OBJC_LITERAL_CONVERSION = YES;
				CLANG_WARN_OBJC_ROOT_CLASS = YES_ERROR;
				CLANG_WARN_QUOTED_INCLUDE_IN_FRAMEWORK_HEADER = YES;
				CLANG_WARN_RANGE_LOOP_ANALYSIS = YES;
				CLANG_WARN_STRICT_PROTOTYPES = YES;
				CLANG_WARN_SUSPICIOUS_MOVE = YES;
				CLANG_WARN_UNGUARDED_AVAILABILITY = YES_AGGRESSIVE;
				CLANG_WARN_UNREACHABLE_CODE = YES;
				CLANG_WARN__DUPLICATE_METHOD_MATCH = YES;
				COPY_PHASE_STRIP = NO;
				DEBUG_INFORMATION_FORMAT = "dwarf-with-dsym";
				ENABLE_NS_ASSERTIONS = NO;
				ENABLE_STRICT_OBJC_MSGSEND = YES;
				GCC_C_LANGUAGE_STANDARD = gnu11;
				GCC_NO_COMMON_BLOCKS = YES;
				GCC_WARN_64_TO_32_BIT_CONVERSION = YES;
				GCC_WARN_ABOUT_RETURN_TYPE = YES_ERROR;
				GCC_WARN_UNDECLARED_SELECTOR = YES;
				GCC_WARN_UNINITIALIZED_AUTOS = YES_AGGRESSIVE;
				GCC_WARN_UNUSED_FUNCTION = YES;
				GCC_WARN_UNUSED_VARIABLE = YES;
				IPHONEOS_DEPLOYMENT_TARGET = 14.5;
				MTL_ENABLE_DEBUG_INFO = NO;
				MTL_FAST_MATH = YES;
				SDKROOT = iphoneos;
				SWIFT_COMPILATION_MODE = wholemodule;
				SWIFT_OPTIMIZATION_LEVEL = "-O";
				VALIDATE_PRODUCT = YES;
			};
			name = Release;
		};
		F15A2A2426FE683700043351 /* Debug */ = {
			isa = XCBuildConfiguration;
			buildSettings = {
				ASSETCATALOG_COMPILER_APPICON_NAME = AppIcon;
				ASSETCATALOG_COMPILER_GLOBAL_ACCENT_COLOR_NAME = AccentColor;
				CODE_SIGN_STYLE = Automatic;
				INFOPLIST_FILE = MovieDB/Info.plist;
				LD_RUNPATH_SEARCH_PATHS = (
					"$(inherited)",
					"@executable_path/Frameworks",
				);
				PRODUCT_BUNDLE_IDENTIFIER = com.hongfei.iOS.MovieDB;
				PRODUCT_NAME = "$(TARGET_NAME)";
				SWIFT_VERSION = 5.0;
				TARGETED_DEVICE_FAMILY = "1,2";
			};
			name = Debug;
		};
		F15A2A2526FE683700043351 /* Release */ = {
			isa = XCBuildConfiguration;
			buildSettings = {
				ASSETCATALOG_COMPILER_APPICON_NAME = AppIcon;
				ASSETCATALOG_COMPILER_GLOBAL_ACCENT_COLOR_NAME = AccentColor;
				CODE_SIGN_STYLE = Automatic;
				INFOPLIST_FILE = MovieDB/Info.plist;
				LD_RUNPATH_SEARCH_PATHS = (
					"$(inherited)",
					"@executable_path/Frameworks",
				);
				PRODUCT_BUNDLE_IDENTIFIER = com.hongfei.iOS.MovieDB;
				PRODUCT_NAME = "$(TARGET_NAME)";
				SWIFT_VERSION = 5.0;
				TARGETED_DEVICE_FAMILY = "1,2";
			};
			name = Release;
		};
		F15A2A2726FE683700043351 /* Debug */ = {
			isa = XCBuildConfiguration;
			buildSettings = {
				ALWAYS_EMBED_SWIFT_STANDARD_LIBRARIES = YES;
				BUNDLE_LOADER = "$(TEST_HOST)";
				CODE_SIGN_STYLE = Automatic;
				INFOPLIST_FILE = MovieDBTests/Info.plist;
				IPHONEOS_DEPLOYMENT_TARGET = 14.5;
				LD_RUNPATH_SEARCH_PATHS = (
					"$(inherited)",
					"@executable_path/Frameworks",
					"@loader_path/Frameworks",
				);
				PRODUCT_BUNDLE_IDENTIFIER = com.hongfei.MovieDBTests;
				PRODUCT_NAME = "$(TARGET_NAME)";
				SWIFT_VERSION = 5.0;
				TARGETED_DEVICE_FAMILY = "1,2";
				TEST_HOST = "$(BUILT_PRODUCTS_DIR)/MovieDB.app/MovieDB";
			};
			name = Debug;
		};
		F15A2A2826FE683700043351 /* Release */ = {
			isa = XCBuildConfiguration;
			buildSettings = {
				ALWAYS_EMBED_SWIFT_STANDARD_LIBRARIES = YES;
				BUNDLE_LOADER = "$(TEST_HOST)";
				CODE_SIGN_STYLE = Automatic;
				INFOPLIST_FILE = MovieDBTests/Info.plist;
				IPHONEOS_DEPLOYMENT_TARGET = 14.5;
				LD_RUNPATH_SEARCH_PATHS = (
					"$(inherited)",
					"@executable_path/Frameworks",
					"@loader_path/Frameworks",
				);
				PRODUCT_BUNDLE_IDENTIFIER = com.hongfei.MovieDBTests;
				PRODUCT_NAME = "$(TARGET_NAME)";
				SWIFT_VERSION = 5.0;
				TARGETED_DEVICE_FAMILY = "1,2";
				TEST_HOST = "$(BUILT_PRODUCTS_DIR)/MovieDB.app/MovieDB";
			};
			name = Release;
		};
		F15A2A2A26FE683700043351 /* Debug */ = {
			isa = XCBuildConfiguration;
			buildSettings = {
				ALWAYS_EMBED_SWIFT_STANDARD_LIBRARIES = YES;
				CODE_SIGN_STYLE = Automatic;
				INFOPLIST_FILE = MovieDBUITests/Info.plist;
				LD_RUNPATH_SEARCH_PATHS = (
					"$(inherited)",
					"@executable_path/Frameworks",
					"@loader_path/Frameworks",
				);
				PRODUCT_BUNDLE_IDENTIFIER = com.hongfei.MovieDBUITests;
				PRODUCT_NAME = "$(TARGET_NAME)";
				SWIFT_VERSION = 5.0;
				TARGETED_DEVICE_FAMILY = "1,2";
				TEST_TARGET_NAME = MovieDB;
			};
			name = Debug;
		};
		F15A2A2B26FE683700043351 /* Release */ = {
			isa = XCBuildConfiguration;
			buildSettings = {
				ALWAYS_EMBED_SWIFT_STANDARD_LIBRARIES = YES;
				CODE_SIGN_STYLE = Automatic;
				INFOPLIST_FILE = MovieDBUITests/Info.plist;
				LD_RUNPATH_SEARCH_PATHS = (
					"$(inherited)",
					"@executable_path/Frameworks",
					"@loader_path/Frameworks",
				);
				PRODUCT_BUNDLE_IDENTIFIER = com.hongfei.MovieDBUITests;
				PRODUCT_NAME = "$(TARGET_NAME)";
				SWIFT_VERSION = 5.0;
				TARGETED_DEVICE_FAMILY = "1,2";
				TEST_TARGET_NAME = MovieDB;
			};
			name = Release;
		};
/* End XCBuildConfiguration section */

/* Begin XCConfigurationList section */
		F15A29F426FE683500043351 /* Build configuration list for PBXProject "MovieDB" */ = {
			isa = XCConfigurationList;
			buildConfigurations = (
				F15A2A2126FE683700043351 /* Debug */,
				F15A2A2226FE683700043351 /* Release */,
			);
			defaultConfigurationIsVisible = 0;
			defaultConfigurationName = Release;
		};
		F15A2A2326FE683700043351 /* Build configuration list for PBXNativeTarget "MovieDB" */ = {
			isa = XCConfigurationList;
			buildConfigurations = (
				F15A2A2426FE683700043351 /* Debug */,
				F15A2A2526FE683700043351 /* Release */,
			);
			defaultConfigurationIsVisible = 0;
			defaultConfigurationName = Release;
		};
		F15A2A2626FE683700043351 /* Build configuration list for PBXNativeTarget "MovieDBTests" */ = {
			isa = XCConfigurationList;
			buildConfigurations = (
				F15A2A2726FE683700043351 /* Debug */,
				F15A2A2826FE683700043351 /* Release */,
			);
			defaultConfigurationIsVisible = 0;
			defaultConfigurationName = Release;
		};
		F15A2A2926FE683700043351 /* Build configuration list for PBXNativeTarget "MovieDBUITests" */ = {
			isa = XCConfigurationList;
			buildConfigurations = (
				F15A2A2A26FE683700043351 /* Debug */,
				F15A2A2B26FE683700043351 /* Release */,
			);
			defaultConfigurationIsVisible = 0;
			defaultConfigurationName = Release;
		};
/* End XCConfigurationList section */
	};
	rootObject = F15A29F126FE683500043351 /* Project object */;
}
